
Microsoft Visual Studio Solution File, Format Version 12.00
# Visual Studio 2012
Project("{FAE04EC0-301F-11D3-BF4B-00C04F79EFBC}") = "Utility", "Utility\Utility.csproj", "{26103AE3-EC38-497A-A1ED-373DA3D65565}"
EndProject
Project("{FAE04EC0-301F-11D3-BF4B-00C04F79EFBC}") = "UtilityTests", "UtilityTests\UtilityTests.csproj", "{FC85B255-0361-41D9-AB32-D14F35233296}"
EndProject
Global
	GlobalSection(SolutionConfigurationPlatforms) = preSolution
		Debug|Any CPU = Debug|Any CPU
		Release|Any CPU = Release|Any CPU
	EndGlobalSection
	GlobalSection(ProjectConfigurationPlatforms) = postSolution
		{26103AE3-EC38-497A-A1ED-373DA3D65565}.Debug|Any CPU.ActiveCfg = Debug|Any CPU
		{26103AE3-EC38-497A-A1ED-373DA3D65565}.Debug|Any CPU.Build.0 = Debug|Any CPU
		{26103AE3-EC38-497A-A1ED-373DA3D65565}.Release|Any CPU.ActiveCfg = Release|Any CPU
		{26103AE3-EC38-497A-A1ED-373DA3D65565}.Release|Any CPU.Build.0 = Release|Any CPU
		{FC85B255-0361-41D9-AB32-D14F35233296}.Debug|Any CPU.ActiveCfg = Debug|Any CPU
		{FC85B255-0361-41D9-AB32-D14F35233296}.Debug|Any CPU.Build.0 = Debug|Any CPU
		{FC85B255-0361-41D9-AB32-D14F35233296}.Release|Any CPU.ActiveCfg = Release|Any CPU
		{FC85B255-0361-41D9-AB32-D14F35233296}.Release|Any CPU.Build.0 = Release|Any CPU
	EndGlobalSection
	GlobalSection(SolutionProperties) = preSolution
		HideSolutionNode = FALSE
	EndGlobalSection
EndGlobal
